
Microsoft Visual Studio Solution File, Format Version 12.00
# Visual Studio Version 16
VisualStudioVersion = 16.0.30621.155
MinimumVisualStudioVersion = 10.0.40219.1
Project("{888888A0-9F3D-457C-B088-3A5042F75D52}") = "PythonWebScrapingDEC2020", "PythonWebScrapingDEC2020.pyproj", "{020010AA-9A09-4A62-A441-E5A355AD5DA7}"
EndProject
Global
	GlobalSection(SolutionConfigurationPlatforms) = preSolution
		Debug|Any CPU = Debug|Any CPU
		Release|Any CPU = Release|Any CPU
	EndGlobalSection
	GlobalSection(ProjectConfigurationPlatforms) = postSolution
		{020010AA-9A09-4A62-A441-E5A355AD5DA7}.Debug|Any CPU.ActiveCfg = Debug|Any CPU
		{020010AA-9A09-4A62-A441-E5A355AD5DA7}.Release|Any CPU.ActiveCfg = Release|Any CPU
	EndGlobalSection
	GlobalSection(SolutionProperties) = preSolution
		HideSolutionNode = FALSE
	EndGlobalSection
	GlobalSection(ExtensibilityGlobals) = postSolution
		SolutionGuid = {55C82FE9-1644-48C5-AFD6-7EE553FE662A}
	EndGlobalSection
EndGlobal
